// !$*UTF8*$!
{
	archiveVersion = 1;
	classes = {
	};
	objectVersion = 46;
	objects = {

/* Begin PBXBuildFile section */
		1A6076BF1AFED303009EA00E /* AppDelegate.swift in Sources */ = {isa = PBXBuildFile; fileRef = 1A6076BE1AFED303009EA00E /* AppDelegate.swift */; };
		1A6076C11AFED303009EA00E /* ViewController.swift in Sources */ = {isa = PBXBuildFile; fileRef = 1A6076C01AFED303009EA00E /* ViewController.swift */; };
		1A6076C41AFED303009EA00E /* Main.storyboard in Resources */ = {isa = PBXBuildFile; fileRef = 1A6076C21AFED303009EA00E /* Main.storyboard */; };
		1A6076C61AFED303009EA00E /* Images.xcassets in Resources */ = {isa = PBXBuildFile; fileRef = 1A6076C51AFED303009EA00E /* Images.xcassets */; };
		1A6076C91AFED303009EA00E /* LaunchScreen.xib in Resources */ = {isa = PBXBuildFile; fileRef = 1A6076C71AFED303009EA00E /* LaunchScreen.xib */; };
		1A6076D51AFED303009EA00E /* TagListViewDemoTests.swift in Sources */ = {isa = PBXBuildFile; fileRef = 1A6076D41AFED303009EA00E /* TagListViewDemoTests.swift */; };
		1A6076DF1AFED38F009EA00E /* TagView.swift in Sources */ = {isa = PBXBuildFile; fileRef = 1A6076DE1AFED38F009EA00E /* TagView.swift */; };
		1A6076E31AFED866009EA00E /* TagListView.swift in Sources */ = {isa = PBXBuildFile; fileRef = 1A6076E21AFED866009EA00E /* TagListView.swift */; };
/* End PBXBuildFile section */

/* Begin PBXContainerItemProxy section */
		1A6076CF1AFED303009EA00E /* PBXContainerItemProxy */ = {
			isa = PBXContainerItemProxy;
			containerPortal = 1A6076B11AFED303009EA00E /* Project object */;
			proxyType = 1;
			remoteGlobalIDString = 1A6076B81AFED303009EA00E;
			remoteInfo = TagListViewDemo;
		};
/* End PBXContainerItemProxy section */

/* Begin PBXFileReference section */
		1A6076B91AFED303009EA00E /* TagListViewDemo.app */ = {isa = PBXFileReference; explicitFileType = wrapper.application; includeInIndex = 0; path = TagListViewDemo.app; sourceTree = BUILT_PRODUCTS_DIR; };
		1A6076BD1AFED303009EA00E /* Info.plist */ = {isa = PBXFileReference; lastKnownFileType = text.plist.xml; path = Info.plist; sourceTree = "<group>"; };
		1A6076BE1AFED303009EA00E /* AppDelegate.swift */ = {isa = PBXFileReference; lastKnownFileType = sourcecode.swift; path = AppDelegate.swift; sourceTree = "<group>"; };
		1A6076C01AFED303009EA00E /* ViewController.swift */ = {isa = PBXFileReference; lastKnownFileType = sourcecode.swift; path = ViewController.swift; sourceTree = "<group>"; };
		1A6076C31AFED303009EA00E /* Base */ = {isa = PBXFileReference; lastKnownFileType = file.storyboard; name = Base; path = Base.lproj/Main.storyboard; sourceTree = "<group>"; };
		1A6076C51AFED303009EA00E /* Images.xcassets */ = {isa = PBXFileReference; lastKnownFileType = folder.assetcatalog; path = Images.xcassets; sourceTree = "<group>"; };
		1A6076C81AFED303009EA00E /* Base */ = {isa = PBXFileReference; lastKnownFileType = file.xib; name = Base; path = Base.lproj/LaunchScreen.xib; sourceTree = "<group>"; };
		1A6076CE1AFED303009EA00E /* TagListViewDemoTests.xctest */ = {isa = PBXFileReference; explicitFileType = wrapper.cfbundle; includeInIndex = 0; path = TagListViewDemoTests.xctest; sourceTree = BUILT_PRODUCTS_DIR; };
		1A6076D31AFED303009EA00E /* Info.plist */ = {isa = PBXFileReference; lastKnownFileType = text.plist.xml; path = Info.plist; sourceTree = "<group>"; };
		1A6076D41AFED303009EA00E /* TagListViewDemoTests.swift */ = {isa = PBXFileReference; lastKnownFileType = sourcecode.swift; path = TagListViewDemoTests.swift; sourceTree = "<group>"; };
		1A6076DE1AFED38F009EA00E /* TagView.swift */ = {isa = PBXFileReference; fileEncoding = 4; lastKnownFileType = sourcecode.swift; name = TagView.swift; path = TagListView/TagView.swift; sourceTree = SOURCE_ROOT; };
		1A6076E21AFED866009EA00E /* TagListView.swift */ = {isa = PBXFileReference; fileEncoding = 4; lastKnownFileType = sourcecode.swift; name = TagListView.swift; path = TagListView/TagListView.swift; sourceTree = SOURCE_ROOT; };
/* End PBXFileReference section */

/* Begin PBXFrameworksBuildPhase section */
		1A6076B61AFED303009EA00E /* Frameworks */ = {
			isa = PBXFrameworksBuildPhase;
			buildActionMask = 2147483647;
			files = (
			);
			runOnlyForDeploymentPostprocessing = 0;
		};
		1A6076CB1AFED303009EA00E /* Frameworks */ = {
			isa = PBXFrameworksBuildPhase;
			buildActionMask = 2147483647;
			files = (
			);
			runOnlyForDeploymentPostprocessing = 0;
		};
/* End PBXFrameworksBuildPhase section */

/* Begin PBXGroup section */
		1A6076B01AFED303009EA00E = {
			isa = PBXGroup;
			children = (
				1A6076BB1AFED303009EA00E /* TagListViewDemo */,
				1A6076D11AFED303009EA00E /* TagListViewDemoTests */,
				1A6076BA1AFED303009EA00E /* Products */,
			);
			sourceTree = "<group>";
		};
		1A6076BA1AFED303009EA00E /* Products */ = {
			isa = PBXGroup;
			children = (
				1A6076B91AFED303009EA00E /* TagListViewDemo.app */,
				1A6076CE1AFED303009EA00E /* TagListViewDemoTests.xctest */,
			);
			name = Products;
			sourceTree = "<group>";
		};
		1A6076BB1AFED303009EA00E /* TagListViewDemo */ = {
			isa = PBXGroup;
			children = (
				1A6076BE1AFED303009EA00E /* AppDelegate.swift */,
				1A6076C01AFED303009EA00E /* ViewController.swift */,
				1A6076E41AFED91A009EA00E /* TagListView */,
				1A6076C21AFED303009EA00E /* Main.storyboard */,
				1A6076C51AFED303009EA00E /* Images.xcassets */,
				1A6076C71AFED303009EA00E /* LaunchScreen.xib */,
				1A6076BC1AFED303009EA00E /* Supporting Files */,
			);
			path = TagListViewDemo;
			sourceTree = "<group>";
		};
		1A6076BC1AFED303009EA00E /* Supporting Files */ = {
			isa = PBXGroup;
			children = (
				1A6076BD1AFED303009EA00E /* Info.plist */,
			);
			name = "Supporting Files";
			sourceTree = "<group>";
		};
		1A6076D11AFED303009EA00E /* TagListViewDemoTests */ = {
			isa = PBXGroup;
			children = (
				1A6076D41AFED303009EA00E /* TagListViewDemoTests.swift */,
				1A6076D21AFED303009EA00E /* Supporting Files */,
			);
			path = TagListViewDemoTests;
			sourceTree = "<group>";
		};
		1A6076D21AFED303009EA00E /* Supporting Files */ = {
			isa = PBXGroup;
			children = (
				1A6076D31AFED303009EA00E /* Info.plist */,
			);
			name = "Supporting Files";
			sourceTree = "<group>";
		};
		1A6076E41AFED91A009EA00E /* TagListView */ = {
			isa = PBXGroup;
			children = (
				1A6076DE1AFED38F009EA00E /* TagView.swift */,
				1A6076E21AFED866009EA00E /* TagListView.swift */,
			);
			name = TagListView;
			sourceTree = "<group>";
		};
/* End PBXGroup section */

/* Begin PBXNativeTarget section */
		1A6076B81AFED303009EA00E /* TagListViewDemo */ = {
			isa = PBXNativeTarget;
			buildConfigurationList = 1A6076D81AFED303009EA00E /* Build configuration list for PBXNativeTarget "TagListViewDemo" */;
			buildPhases = (
				1A6076B51AFED303009EA00E /* Sources */,
				1A6076B61AFED303009EA00E /* Frameworks */,
				1A6076B71AFED303009EA00E /* Resources */,
			);
			buildRules = (
			);
			dependencies = (
			);
			name = TagListViewDemo;
			productName = TagListViewDemo;
			productReference = 1A6076B91AFED303009EA00E /* TagListViewDemo.app */;
			productType = "com.apple.product-type.application";
		};
		1A6076CD1AFED303009EA00E /* TagListViewDemoTests */ = {
			isa = PBXNativeTarget;
			buildConfigurationList = 1A6076DB1AFED303009EA00E /* Build configuration list for PBXNativeTarget "TagListViewDemoTests" */;
			buildPhases = (
				1A6076CA1AFED303009EA00E /* Sources */,
				1A6076CB1AFED303009EA00E /* Frameworks */,
				1A6076CC1AFED303009EA00E /* Resources */,
			);
			buildRules = (
			);
			dependencies = (
				1A6076D01AFED303009EA00E /* PBXTargetDependency */,
			);
			name = TagListViewDemoTests;
			productName = TagListViewDemoTests;
			productReference = 1A6076CE1AFED303009EA00E /* TagListViewDemoTests.xctest */;
			productType = "com.apple.product-type.bundle.unit-test";
		};
/* End PBXNativeTarget section */

/* Begin PBXProject section */
		1A6076B11AFED303009EA00E /* Project object */ = {
			isa = PBXProject;
			attributes = {
				LastUpgradeCheck = 0630;
				ORGANIZATIONNAME = Ela;
				TargetAttributes = {
					1A6076B81AFED303009EA00E = {
						CreatedOnToolsVersion = 6.3.1;
					};
					1A6076CD1AFED303009EA00E = {
						CreatedOnToolsVersion = 6.3.1;
						TestTargetID = 1A6076B81AFED303009EA00E;
					};
				};
			};
			buildConfigurationList = 1A6076B41AFED303009EA00E /* Build configuration list for PBXProject "TagListViewDemo" */;
			compatibilityVersion = "Xcode 3.2";
			developmentRegion = English;
			hasScannedForEncodings = 0;
			knownRegions = (
				en,
				Base,
			);
			mainGroup = 1A6076B01AFED303009EA00E;
			productRefGroup = 1A6076BA1AFED303009EA00E /* Products */;
			projectDirPath = "";
			projectRoot = "";
			targets = (
				1A6076B81AFED303009EA00E /* TagListViewDemo */,
				1A6076CD1AFED303009EA00E /* TagListViewDemoTests */,
			);
		};
/* End PBXProject section */

/* Begin PBXResourcesBuildPhase section */
		1A6076B71AFED303009EA00E /* Resources */ = {
			isa = PBXResourcesBuildPhase;
			buildActionMask = 2147483647;
			files = (
				1A6076C41AFED303009EA00E /* Main.storyboard in Resources */,
				1A6076C91AFED303009EA00E /* LaunchScreen.xib in Resources */,
				1A6076C61AFED303009EA00E /* Images.xcassets in Resources */,
			);
			runOnlyForDeploymentPostprocessing = 0;
		};
		1A6076CC1AFED303009EA00E /* Resources */ = {
			isa = PBXResourcesBuildPhase;
			buildActionMask = 2147483647;
			files = (
			);
			runOnlyForDeploymentPostprocessing = 0;
		};
/* End PBXResourcesBuildPhase section */

/* Begin PBXSourcesBuildPhase section */
		1A6076B51AFED303009EA00E /* Sources */ = {
			isa = PBXSourcesBuildPhase;
			buildActionMask = 2147483647;
			files = (
				1A6076C11AFED303009EA00E /* ViewController.swift in Sources */,
				1A6076BF1AFED303009EA00E /* AppDelegate.swift in Sources */,
				1A6076DF1AFED38F009EA00E /* TagView.swift in Sources */,
				1A6076E31AFED866009EA00E /* TagListView.swift in Sources */,
			);
			runOnlyForDeploymentPostprocessing = 0;
		};
		1A6076CA1AFED303009EA00E /* Sources */ = {
			isa = PBXSourcesBuildPhase;
			buildActionMask = 2147483647;
			files = (
				1A6076D51AFED303009EA00E /* TagListViewDemoTests.swift in Sources */,
			);
			runOnlyForDeploymentPostprocessing = 0;
		};
/* End PBXSourcesBuildPhase section */

/* Begin PBXTargetDependency section */
		1A6076D01AFED303009EA00E /* PBXTargetDependency */ = {
			isa = PBXTargetDependency;
			target = 1A6076B81AFED303009EA00E /* TagListViewDemo */;
			targetProxy = 1A6076CF1AFED303009EA00E /* PBXContainerItemProxy */;
		};
/* End PBXTargetDependency section */

/* Begin PBXVariantGroup section */
		1A6076C21AFED303009EA00E /* Main.storyboard */ = {
			isa = PBXVariantGroup;
			children = (
				1A6076C31AFED303009EA00E /* Base */,
			);
			name = Main.storyboard;
			sourceTree = "<group>";
		};
		1A6076C71AFED303009EA00E /* LaunchScreen.xib */ = {
			isa = PBXVariantGroup;
			children = (
				1A6076C81AFED303009EA00E /* Base */,
			);
			name = LaunchScreen.xib;
			sourceTree = "<group>";
		};
/* End PBXVariantGroup section */

/* Begin XCBuildConfiguration section */
		1A6076D61AFED303009EA00E /* Debug */ = {
			isa = XCBuildConfiguration;
			buildSettings = {
				ALWAYS_SEARCH_USER_PATHS = NO;
				CLANG_CXX_LANGUAGE_STANDARD = "gnu++0x";
				CLANG_CXX_LIBRARY = "libc++";
				CLANG_ENABLE_MODULES = YES;
				CLANG_ENABLE_OBJC_ARC = YES;
				CLANG_WARN_BOOL_CONVERSION = YES;
				CLANG_WARN_CONSTANT_CONVERSION = YES;
				CLANG_WARN_DIRECT_OBJC_ISA_USAGE = YES_ERROR;
				CLANG_WARN_EMPTY_BODY = YES;
				CLANG_WARN_ENUM_CONVERSION = YES;
				CLANG_WARN_INT_CONVERSION = YES;
				CLANG_WARN_OBJC_ROOT_CLASS = YES_ERROR;
				CLANG_WARN_UNREACHABLE_CODE = YES;
				CLANG_WARN__DUPLICATE_METHOD_MATCH = YES;
				"CODE_SIGN_IDENTITY[sdk=iphoneos*]" = "iPhone Developer";
				COPY_PHASE_STRIP = NO;
				DEBUG_INFORMATION_FORMAT = "dwarf-with-dsym";
				ENABLE_STRICT_OBJC_MSGSEND = YES;
				GCC_C_LANGUAGE_STANDARD = gnu99;
				GCC_DYNAMIC_NO_PIC = NO;
				GCC_NO_COMMON_BLOCKS = YES;
				GCC_OPTIMIZATION_LEVEL = 0;
				GCC_PREPROCESSOR_DEFINITIONS = (
					"DEBUG=1",
					"$(inherited)",
				);
				GCC_SYMBOLS_PRIVATE_EXTERN = NO;
				GCC_WARN_64_TO_32_BIT_CONVERSION = YES;
				GCC_WARN_ABOUT_RETURN_TYPE = YES_ERROR;
				GCC_WARN_UNDECLARED_SELECTOR = YES;
				GCC_WARN_UNINITIALIZED_AUTOS = YES_AGGRESSIVE;
				GCC_WARN_UNUSED_FUNCTION = YES;
				GCC_WARN_UNUSED_VARIABLE = YES;
				IPHONEOS_DEPLOYMENT_TARGET = 8.3;
				MTL_ENABLE_DEBUG_INFO = YES;
				ONLY_ACTIVE_ARCH = YES;
				SDKROOT = iphoneos;
				SWIFT_OPTIMIZATION_LEVEL = "-Onone";
				TARGETED_DEVICE_FAMILY = "1,2";
			};
			name = Debug;
		};
		1A6076D71AFED303009EA00E /* Release */ = {
			isa = XCBuildConfiguration;
			buildSettings = {
				ALWAYS_SEARCH_USER_PATHS = NO;
				CLANG_CXX_LANGUAGE_STANDARD = "gnu++0x";
				CLANG_CXX_LIBRARY = "libc++";
				CLANG_ENABLE_MODULES = YES;
				CLANG_ENABLE_OBJC_ARC = YES;
				CLANG_WARN_BOOL_CONVERSION = YES;
				CLANG_WARN_CONSTANT_CONVERSION = YES;
				CLANG_WARN_DIRECT_OBJC_ISA_USAGE = YES_ERROR;
				CLANG_WARN_EMPTY_BODY = YES;
				CLANG_WARN_ENUM_CONVERSION = YES;
				CLANG_WARN_INT_CONVERSION = YES;
				CLANG_WARN_OBJC_ROOT_CLASS = YES_ERROR;
				CLANG_WARN_UNREACHABLE_CODE = YES;
				CLANG_WARN__DUPLICATE_METHOD_MATCH = YES;
				"CODE_SIGN_IDENTITY[sdk=iphoneos*]" = "iPhone Developer";
				COPY_PHASE_STRIP = NO;
				DEBUG_INFORMATION_FORMAT = "dwarf-with-dsym";
				ENABLE_NS_ASSERTIONS = NO;
				ENABLE_STRICT_OBJC_MSGSEND = YES;
				GCC_C_LANGUAGE_STANDARD = gnu99;
				GCC_NO_COMMON_BLOCKS = YES;
				GCC_WARN_64_TO_32_BIT_CONVERSION = YES;
				GCC_WARN_ABOUT_RETURN_TYPE = YES_ERROR;
				GCC_WARN_UNDECLARED_SELECTOR = YES;
				GCC_WARN_UNINITIALIZED_AUTOS = YES_AGGRESSIVE;
				GCC_WARN_UNUSED_FUNCTION = YES;
				GCC_WARN_UNUSED_VARIABLE = YES;
				IPHONEOS_DEPLOYMENT_TARGET = 8.3;
				MTL_ENABLE_DEBUG_INFO = NO;
				SDKROOT = iphoneos;
				TARGETED_DEVICE_FAMILY = "1,2";
				VALIDATE_PRODUCT = YES;
			};
			name = Release;
		};
		1A6076D91AFED303009EA00E /* Debug */ = {
			isa = XCBuildConfiguration;
			buildSettings = {
				ASSETCATALOG_COMPILER_APPICON_NAME = AppIcon;
				INFOPLIST_FILE = TagListViewDemo/Info.plist;
				LD_RUNPATH_SEARCH_PATHS = "$(inherited) @executable_path/Frameworks";
				PRODUCT_NAME = "$(TARGET_NAME)";
			};
			name = Debug;
		};
		1A6076DA1AFED303009EA00E /* Release */ = {
			isa = XCBuildConfiguration;
			buildSettings = {
				ASSETCATALOG_COMPILER_APPICON_NAME = AppIcon;
				INFOPLIST_FILE = TagListViewDemo/Info.plist;
				LD_RUNPATH_SEARCH_PATHS = "$(inherited) @executable_path/Frameworks";
				PRODUCT_NAME = "$(TARGET_NAME)";
			};
			name = Release;
		};
		1A6076DC1AFED303009EA00E /* Debug */ = {
			isa = XCBuildConfiguration;
			buildSettings = {
				BUNDLE_LOADER = "$(TEST_HOST)";
				FRAMEWORK_SEARCH_PATHS = (
					"$(SDKROOT)/Developer/Library/Frameworks",
					"$(inherited)",
				);
				GCC_PREPROCESSOR_DEFINITIONS = (
					"DEBUG=1",
					"$(inherited)",
				);
				INFOPLIST_FILE = TagListViewDemoTests/Info.plist;
				LD_RUNPATH_SEARCH_PATHS = "$(inherited) @executable_path/Frameworks @loader_path/Frameworks";
				PRODUCT_NAME = "$(TARGET_NAME)";
				TEST_HOST = "$(BUILT_PRODUCTS_DIR)/TagListViewDemo.app/TagListViewDemo";
			};
			name = Debug;
		};
		1A6076DD1AFED303009EA00E /* Release */ = {
			isa = XCBuildConfiguration;
			buildSettings = {
				BUNDLE_LOADER = "$(TEST_HOST)";
				FRAMEWORK_SEARCH_PATHS = (
					"$(SDKROOT)/Developer/Library/Frameworks",
					"$(inherited)",
				);
				INFOPLIST_FILE = TagListViewDemoTests/Info.plist;
				LD_RUNPATH_SEARCH_PATHS = "$(inherited) @executable_path/Frameworks @loader_path/Frameworks";
				PRODUCT_NAME = "$(TARGET_NAME)";
				TEST_HOST = "$(BUILT_PRODUCTS_DIR)/TagListViewDemo.app/TagListViewDemo";
			};
			name = Release;
		};
/* End XCBuildConfiguration section */

/* Begin XCConfigurationList section */
		1A6076B41AFED303009EA00E /* Build configuration list for PBXProject "TagListViewDemo" */ = {
			isa = XCConfigurationList;
			buildConfigurations = (
				1A6076D61AFED303009EA00E /* Debug */,
				1A6076D71AFED303009EA00E /* Release */,
			);
			defaultConfigurationIsVisible = 0;
			defaultConfigurationName = Release;
		};
		1A6076D81AFED303009EA00E /* Build configuration list for PBXNativeTarget "TagListViewDemo" */ = {
			isa = XCConfigurationList;
			buildConfigurations = (
				1A6076D91AFED303009EA00E /* Debug */,
				1A6076DA1AFED303009EA00E /* Release */,
			);
			defaultConfigurationIsVisible = 0;
			defaultConfigurationName = Release;
		};
		1A6076DB1AFED303009EA00E /* Build configuration list for PBXNativeTarget "TagListViewDemoTests" */ = {
			isa = XCConfigurationList;
			buildConfigurations = (
				1A6076DC1AFED303009EA00E /* Debug */,
				1A6076DD1AFED303009EA00E /* Release */,
			);
			defaultConfigurationIsVisible = 0;
			defaultConfigurationName = Release;
		};
/* End XCConfigurationList section */
	};
	rootObject = 1A6076B11AFED303009EA00E /* Project object */;
}
